// !$*UTF8*$!
{
	archiveVersion = 1;
	classes = {
	};
	objectVersion = 50;
	objects = {

/* Begin PBXBuildFile section */
		5521B35E208FCFD3007AB40E /* FoodTruckAnnotation.swift in Sources */ = {isa = PBXBuildFile; fileRef = 5521B35D208FCFD3007AB40E /* FoodTruckAnnotation.swift */; };
		5521B360208FD0BC007AB40E /* FoodTruckDetailViewController.swift in Sources */ = {isa = PBXBuildFile; fileRef = 5521B35F208FD0BC007AB40E /* FoodTruckDetailViewController.swift */; };
		5532E20920833072005A1C35 /* FoodTruck.swift in Sources */ = {isa = PBXBuildFile; fileRef = 5532E20820833072005A1C35 /* FoodTruck.swift */; };
		5532E20B208330AB005A1C35 /* FoodTruckService.swift in Sources */ = {isa = PBXBuildFile; fileRef = 5532E20A208330AB005A1C35 /* FoodTruckService.swift */; };
		558CFFDA2092A6E7008DE76D /* BookmarkCell.swift in Sources */ = {isa = PBXBuildFile; fileRef = 558CFFD92092A6E7008DE76D /* BookmarkCell.swift */; };
		55A620DF207C9007008F0834 /* AppDelegate.swift in Sources */ = {isa = PBXBuildFile; fileRef = 55A620DE207C9007008F0834 /* AppDelegate.swift */; };
		55A620E6207C900D008F0834 /* Assets.xcassets in Resources */ = {isa = PBXBuildFile; fileRef = 55A620E5207C900D008F0834 /* Assets.xcassets */; };
		55A620E9207C900D008F0834 /* LaunchScreen.storyboard in Resources */ = {isa = PBXBuildFile; fileRef = 55A620E7207C900D008F0834 /* LaunchScreen.storyboard */; };
		55A620F4207C900D008F0834 /* Find_Food_Trucks_SFTests.swift in Sources */ = {isa = PBXBuildFile; fileRef = 55A620F3207C900D008F0834 /* Find_Food_Trucks_SFTests.swift */; };
		55D3615720967BDC006063D4 /* Main.storyboard in Resources */ = {isa = PBXBuildFile; fileRef = 55D3615620967BDC006063D4 /* Main.storyboard */; };
		AE0BDDA4208D65C700DA700A /* MapViewController.swift in Sources */ = {isa = PBXBuildFile; fileRef = AE0BDDA3208D65C700DA700A /* MapViewController.swift */; };
		AE0BDDA6208D807A00DA700A /* BookmarksViewController.swift in Sources */ = {isa = PBXBuildFile; fileRef = AE0BDDA5208D807A00DA700A /* BookmarksViewController.swift */; };
		EF3D8F3FEC2A8597CD927705 /* Pods_Find_Food_Trucks_SF.framework in Frameworks */ = {isa = PBXBuildFile; fileRef = FCFBB139D1EF90BA3956F3EC /* Pods_Find_Food_Trucks_SF.framework */; };
/* End PBXBuildFile section */

/* Begin PBXContainerItemProxy section */
		55A620F0207C900D008F0834 /* PBXContainerItemProxy */ = {
			isa = PBXContainerItemProxy;
			containerPortal = 55A620D3207C9007008F0834 /* Project object */;
			proxyType = 1;
			remoteGlobalIDString = 55A620DA207C9007008F0834;
			remoteInfo = "Find Food Trucks SF";
		};
/* End PBXContainerItemProxy section */

/* Begin PBXFileReference section */
		5521B35D208FCFD3007AB40E /* FoodTruckAnnotation.swift */ = {isa = PBXFileReference; fileEncoding = 4; lastKnownFileType = sourcecode.swift; path = FoodTruckAnnotation.swift; sourceTree = "<group>"; };
		5521B35F208FD0BC007AB40E /* FoodTruckDetailViewController.swift */ = {isa = PBXFileReference; lastKnownFileType = sourcecode.swift; path = FoodTruckDetailViewController.swift; sourceTree = "<group>"; };
		5532E20820833072005A1C35 /* FoodTruck.swift */ = {isa = PBXFileReference; lastKnownFileType = sourcecode.swift; path = FoodTruck.swift; sourceTree = "<group>"; };
		5532E20A208330AB005A1C35 /* FoodTruckService.swift */ = {isa = PBXFileReference; lastKnownFileType = sourcecode.swift; path = FoodTruckService.swift; sourceTree = "<group>"; };
		558CFFD92092A6E7008DE76D /* BookmarkCell.swift */ = {isa = PBXFileReference; lastKnownFileType = sourcecode.swift; path = BookmarkCell.swift; sourceTree = "<group>"; };
		55A620DB207C9007008F0834 /* Find Food Trucks SF.app */ = {isa = PBXFileReference; explicitFileType = wrapper.application; includeInIndex = 0; path = "Find Food Trucks SF.app"; sourceTree = BUILT_PRODUCTS_DIR; };
		55A620DE207C9007008F0834 /* AppDelegate.swift */ = {isa = PBXFileReference; lastKnownFileType = sourcecode.swift; path = AppDelegate.swift; sourceTree = "<group>"; };
		55A620E5207C900D008F0834 /* Assets.xcassets */ = {isa = PBXFileReference; lastKnownFileType = folder.assetcatalog; path = Assets.xcassets; sourceTree = "<group>"; };
		55A620E8207C900D008F0834 /* Base */ = {isa = PBXFileReference; lastKnownFileType = file.storyboard; name = Base; path = Base.lproj/LaunchScreen.storyboard; sourceTree = "<group>"; };
		55A620EA207C900D008F0834 /* Info.plist */ = {isa = PBXFileReference; lastKnownFileType = text.plist.xml; path = Info.plist; sourceTree = "<group>"; };
		55A620EF207C900D008F0834 /* Find Food Trucks SFTests.xctest */ = {isa = PBXFileReference; explicitFileType = wrapper.cfbundle; includeInIndex = 0; path = "Find Food Trucks SFTests.xctest"; sourceTree = BUILT_PRODUCTS_DIR; };
		55A620F3207C900D008F0834 /* Find_Food_Trucks_SFTests.swift */ = {isa = PBXFileReference; lastKnownFileType = sourcecode.swift; path = Find_Food_Trucks_SFTests.swift; sourceTree = "<group>"; };
		55A620F5207C900D008F0834 /* Info.plist */ = {isa = PBXFileReference; lastKnownFileType = text.plist.xml; path = Info.plist; sourceTree = "<group>"; };
		55D3615620967BDC006063D4 /* Main.storyboard */ = {isa = PBXFileReference; lastKnownFileType = file.storyboard; path = Main.storyboard; sourceTree = "<group>"; };
		7FE0447C3173A4118EB4B2D0 /* Pods-Find Food Trucks SF.debug.xcconfig */ = {isa = PBXFileReference; includeInIndex = 1; lastKnownFileType = text.xcconfig; name = "Pods-Find Food Trucks SF.debug.xcconfig"; path = "Pods/Target Support Files/Pods-Find Food Trucks SF/Pods-Find Food Trucks SF.debug.xcconfig"; sourceTree = "<group>"; };
		A36FA232D2A2F2C41AB0C8BC /* Pods-Find Food Trucks SF.release.xcconfig */ = {isa = PBXFileReference; includeInIndex = 1; lastKnownFileType = text.xcconfig; name = "Pods-Find Food Trucks SF.release.xcconfig"; path = "Pods/Target Support Files/Pods-Find Food Trucks SF/Pods-Find Food Trucks SF.release.xcconfig"; sourceTree = "<group>"; };
		AE0BDDA3208D65C700DA700A /* MapViewController.swift */ = {isa = PBXFileReference; lastKnownFileType = sourcecode.swift; path = MapViewController.swift; sourceTree = "<group>"; };
		AE0BDDA5208D807A00DA700A /* BookmarksViewController.swift */ = {isa = PBXFileReference; lastKnownFileType = sourcecode.swift; path = BookmarksViewController.swift; sourceTree = "<group>"; };
		FCFBB139D1EF90BA3956F3EC /* Pods_Find_Food_Trucks_SF.framework */ = {isa = PBXFileReference; explicitFileType = wrapper.framework; includeInIndex = 0; path = Pods_Find_Food_Trucks_SF.framework; sourceTree = BUILT_PRODUCTS_DIR; };
/* End PBXFileReference section */

/* Begin PBXFrameworksBuildPhase section */
		55A620D8207C9007008F0834 /* Frameworks */ = {
			isa = PBXFrameworksBuildPhase;
			buildActionMask = 2147483647;
			files = (
				EF3D8F3FEC2A8597CD927705 /* Pods_Find_Food_Trucks_SF.framework in Frameworks */,
			);
			runOnlyForDeploymentPostprocessing = 0;
		};
		55A620EC207C900D008F0834 /* Frameworks */ = {
			isa = PBXFrameworksBuildPhase;
			buildActionMask = 2147483647;
			files = (
			);
			runOnlyForDeploymentPostprocessing = 0;
		};
/* End PBXFrameworksBuildPhase section */

/* Begin PBXGroup section */
		12EF6A9B875AA8E1D8BD2FDE /* Frameworks */ = {
			isa = PBXGroup;
			children = (
				FCFBB139D1EF90BA3956F3EC /* Pods_Find_Food_Trucks_SF.framework */,
			);
			name = Frameworks;
			sourceTree = "<group>";
		};
		55A620D2207C9007008F0834 = {
			isa = PBXGroup;
			children = (
				55A620DD207C9007008F0834 /* Find Food Trucks SF */,
				55A620F2207C900D008F0834 /* Find Food Trucks SFTests */,
				55A620DC207C9007008F0834 /* Products */,
				5EF0E7F9F0F97E09312DDE08 /* Pods */,
				12EF6A9B875AA8E1D8BD2FDE /* Frameworks */,
			);
			sourceTree = "<group>";
		};
		55A620DC207C9007008F0834 /* Products */ = {
			isa = PBXGroup;
			children = (
				55A620DB207C9007008F0834 /* Find Food Trucks SF.app */,
				55A620EF207C900D008F0834 /* Find Food Trucks SFTests.xctest */,
			);
			name = Products;
			sourceTree = "<group>";
		};
		55A620DD207C9007008F0834 /* Find Food Trucks SF */ = {
			isa = PBXGroup;
			children = (
				55A620DE207C9007008F0834 /* AppDelegate.swift */,
				55A620E5207C900D008F0834 /* Assets.xcassets */,
				55A620E7207C900D008F0834 /* LaunchScreen.storyboard */,
				55A620EA207C900D008F0834 /* Info.plist */,
				5532E20820833072005A1C35 /* FoodTruck.swift */,
				5521B35D208FCFD3007AB40E /* FoodTruckAnnotation.swift */,
				5532E20A208330AB005A1C35 /* FoodTruckService.swift */,
				AE0BDDA5208D807A00DA700A /* BookmarksViewController.swift */,
				558CFFD92092A6E7008DE76D /* BookmarkCell.swift */,
				AE0BDDA3208D65C700DA700A /* MapViewController.swift */,
				5521B35F208FD0BC007AB40E /* FoodTruckDetailViewController.swift */,
				55D3615620967BDC006063D4 /* Main.storyboard */,
			);
			path = "Find Food Trucks SF";
			sourceTree = "<group>";
		};
		55A620F2207C900D008F0834 /* Find Food Trucks SFTests */ = {
			isa = PBXGroup;
			children = (
				55A620F3207C900D008F0834 /* Find_Food_Trucks_SFTests.swift */,
				55A620F5207C900D008F0834 /* Info.plist */,
			);
			path = "Find Food Trucks SFTests";
			sourceTree = "<group>";
		};
		5EF0E7F9F0F97E09312DDE08 /* Pods */ = {
			isa = PBXGroup;
			children = (
				7FE0447C3173A4118EB4B2D0 /* Pods-Find Food Trucks SF.debug.xcconfig */,
				A36FA232D2A2F2C41AB0C8BC /* Pods-Find Food Trucks SF.release.xcconfig */,
			);
			name = Pods;
			sourceTree = "<group>";
		};
/* End PBXGroup section */

/* Begin PBXNativeTarget section */
		55A620DA207C9007008F0834 /* Find Food Trucks SF */ = {
			isa = PBXNativeTarget;
			buildConfigurationList = 55A620F8207C900D008F0834 /* Build configuration list for PBXNativeTarget "Find Food Trucks SF" */;
			buildPhases = (
				732E554900021EA956366347 /* [CP] Check Pods Manifest.lock */,
				55A620D7207C9007008F0834 /* Sources */,
				55A620D8207C9007008F0834 /* Frameworks */,
				55A620D9207C9007008F0834 /* Resources */,
				F007EF136C3CDA6A367AAAD1 /* [CP] Embed Pods Frameworks */,
			);
			buildRules = (
			);
			dependencies = (
			);
			name = "Find Food Trucks SF";
			productName = "Find Food Trucks SF";
			productReference = 55A620DB207C9007008F0834 /* Find Food Trucks SF.app */;
			productType = "com.apple.product-type.application";
		};
		55A620EE207C900D008F0834 /* Find Food Trucks SFTests */ = {
			isa = PBXNativeTarget;
			buildConfigurationList = 55A620FB207C900D008F0834 /* Build configuration list for PBXNativeTarget "Find Food Trucks SFTests" */;
			buildPhases = (
				55A620EB207C900D008F0834 /* Sources */,
				55A620EC207C900D008F0834 /* Frameworks */,
				55A620ED207C900D008F0834 /* Resources */,
			);
			buildRules = (
			);
			dependencies = (
				55A620F1207C900D008F0834 /* PBXTargetDependency */,
			);
			name = "Find Food Trucks SFTests";
			productName = "Find Food Trucks SFTests";
			productReference = 55A620EF207C900D008F0834 /* Find Food Trucks SFTests.xctest */;
			productType = "com.apple.product-type.bundle.unit-test";
		};
/* End PBXNativeTarget section */

/* Begin PBXProject section */
		55A620D3207C9007008F0834 /* Project object */ = {
			isa = PBXProject;
			attributes = {
				LastSwiftUpdateCheck = 0930;
				LastUpgradeCheck = 0930;
				ORGANIZATIONNAME = TheFootGang;
				TargetAttributes = {
					55A620DA207C9007008F0834 = {
						CreatedOnToolsVersion = 9.3;
					};
					55A620EE207C900D008F0834 = {
						CreatedOnToolsVersion = 9.3;
						TestTargetID = 55A620DA207C9007008F0834;
					};
				};
			};
			buildConfigurationList = 55A620D6207C9007008F0834 /* Build configuration list for PBXProject "Find Food Trucks SF" */;
			compatibilityVersion = "Xcode 9.3";
			developmentRegion = en;
			hasScannedForEncodings = 0;
			knownRegions = (
				en,
				Base,
			);
			mainGroup = 55A620D2207C9007008F0834;
			productRefGroup = 55A620DC207C9007008F0834 /* Products */;
			projectDirPath = "";
			projectRoot = "";
			targets = (
				55A620DA207C9007008F0834 /* Find Food Trucks SF */,
				55A620EE207C900D008F0834 /* Find Food Trucks SFTests */,
			);
		};
/* End PBXProject section */

/* Begin PBXResourcesBuildPhase section */
		55A620D9207C9007008F0834 /* Resources */ = {
			isa = PBXResourcesBuildPhase;
			buildActionMask = 2147483647;
			files = (
				55A620E9207C900D008F0834 /* LaunchScreen.storyboard in Resources */,
				55D3615720967BDC006063D4 /* Main.storyboard in Resources */,
				55A620E6207C900D008F0834 /* Assets.xcassets in Resources */,
			);
			runOnlyForDeploymentPostprocessing = 0;
		};
		55A620ED207C900D008F0834 /* Resources */ = {
			isa = PBXResourcesBuildPhase;
			buildActionMask = 2147483647;
			files = (
			);
			runOnlyForDeploymentPostprocessing = 0;
		};
/* End PBXResourcesBuildPhase section */

/* Begin PBXShellScriptBuildPhase section */
		732E554900021EA956366347 /* [CP] Check Pods Manifest.lock */ = {
			isa = PBXShellScriptBuildPhase;
			buildActionMask = 2147483647;
			files = (
			);
			inputPaths = (
				"${PODS_PODFILE_DIR_PATH}/Podfile.lock",
				"${PODS_ROOT}/Manifest.lock",
			);
			name = "[CP] Check Pods Manifest.lock";
			outputPaths = (
				"$(DERIVED_FILE_DIR)/Pods-Find Food Trucks SF-checkManifestLockResult.txt",
			);
			runOnlyForDeploymentPostprocessing = 0;
			shellPath = /bin/sh;
			shellScript = "diff \"${PODS_PODFILE_DIR_PATH}/Podfile.lock\" \"${PODS_ROOT}/Manifest.lock\" > /dev/null\nif [ $? != 0 ] ; then\n    # print error to STDERR\n    echo \"error: The sandbox is not in sync with the Podfile.lock. Run 'pod install' or update your CocoaPods installation.\" >&2\n    exit 1\nfi\n# This output is used by Xcode 'outputs' to avoid re-running this script phase.\necho \"SUCCESS\" > \"${SCRIPT_OUTPUT_FILE_0}\"\n";
			showEnvVarsInLog = 0;
		};
		F007EF136C3CDA6A367AAAD1 /* [CP] Embed Pods Frameworks */ = {
			isa = PBXShellScriptBuildPhase;
			buildActionMask = 2147483647;
			files = (
			);
			inputPaths = (
				"${SRCROOT}/Pods/Target Support Files/Pods-Find Food Trucks SF/Pods-Find Food Trucks SF-frameworks.sh",
				"${BUILT_PRODUCTS_DIR}/Alamofire/Alamofire.framework",
			);
			name = "[CP] Embed Pods Frameworks";
			outputPaths = (
				"${TARGET_BUILD_DIR}/${FRAMEWORKS_FOLDER_PATH}/Alamofire.framework",
			);
			runOnlyForDeploymentPostprocessing = 0;
			shellPath = /bin/sh;
			shellScript = "\"${SRCROOT}/Pods/Target Support Files/Pods-Find Food Trucks SF/Pods-Find Food Trucks SF-frameworks.sh\"\n";
			showEnvVarsInLog = 0;
		};
/* End PBXShellScriptBuildPhase section */

/* Begin PBXSourcesBuildPhase section */
		55A620D7207C9007008F0834 /* Sources */ = {
			isa = PBXSourcesBuildPhase;
			buildActionMask = 2147483647;
			files = (
				5521B360208FD0BC007AB40E /* FoodTruckDetailViewController.swift in Sources */,
				55A620DF207C9007008F0834 /* AppDelegate.swift in Sources */,
				5532E20920833072005A1C35 /* FoodTruck.swift in Sources */,
				558CFFDA2092A6E7008DE76D /* BookmarkCell.swift in Sources */,
				5521B35E208FCFD3007AB40E /* FoodTruckAnnotation.swift in Sources */,
				AE0BDDA4208D65C700DA700A /* MapViewController.swift in Sources */,
				AE0BDDA6208D807A00DA700A /* BookmarksViewController.swift in Sources */,
				5532E20B208330AB005A1C35 /* FoodTruckService.swift in Sources */,
			);
			runOnlyForDeploymentPostprocessing = 0;
		};
		55A620EB207C900D008F0834 /* Sources */ = {
			isa = PBXSourcesBuildPhase;
			buildActionMask = 2147483647;
			files = (
				55A620F4207C900D008F0834 /* Find_Food_Trucks_SFTests.swift in Sources */,
			);
			runOnlyForDeploymentPostprocessing = 0;
		};
/* End PBXSourcesBuildPhase section */

/* Begin PBXTargetDependency section */
		55A620F1207C900D008F0834 /* PBXTargetDependency */ = {
			isa = PBXTargetDependency;
			target = 55A620DA207C9007008F0834 /* Find Food Trucks SF */;
			targetProxy = 55A620F0207C900D008F0834 /* PBXContainerItemProxy */;
		};
/* End PBXTargetDependency section */

/* Begin PBXVariantGroup section */
		55A620E7207C900D008F0834 /* LaunchScreen.storyboard */ = {
			isa = PBXVariantGroup;
			children = (
				55A620E8207C900D008F0834 /* Base */,
			);
			name = LaunchScreen.storyboard;
			sourceTree = "<group>";
		};
/* End PBXVariantGroup section */

/* Begin XCBuildConfiguration section */
		55A620F6207C900D008F0834 /* Debug */ = {
			isa = XCBuildConfiguration;
			buildSettings = {
				ALWAYS_SEARCH_USER_PATHS = NO;
				CLANG_ANALYZER_NONNULL = YES;
				CLANG_ANALYZER_NUMBER_OBJECT_CONVERSION = YES_AGGRESSIVE;
				CLANG_CXX_LANGUAGE_STANDARD = "gnu++14";
				CLANG_CXX_LIBRARY = "libc++";
				CLANG_ENABLE_MODULES = YES;
				CLANG_ENABLE_OBJC_ARC = YES;
				CLANG_ENABLE_OBJC_WEAK = YES;
				CLANG_WARN_BLOCK_CAPTURE_AUTORELEASING = YES;
				CLANG_WARN_BOOL_CONVERSION = YES;
				CLANG_WARN_COMMA = YES;
				CLANG_WARN_CONSTANT_CONVERSION = YES;
				CLANG_WARN_DEPRECATED_OBJC_IMPLEMENTATIONS = YES;
				CLANG_WARN_DIRECT_OBJC_ISA_USAGE = YES_ERROR;
				CLANG_WARN_DOCUMENTATION_COMMENTS = YES;
				CLANG_WARN_EMPTY_BODY = YES;
				CLANG_WARN_ENUM_CONVERSION = YES;
				CLANG_WARN_INFINITE_RECURSION = YES;
				CLANG_WARN_INT_CONVERSION = YES;
				CLANG_WARN_NON_LITERAL_NULL_CONVERSION = YES;
				CLANG_WARN_OBJC_IMPLICIT_RETAIN_SELF = YES;
				CLANG_WARN_OBJC_LITERAL_CONVERSION = YES;
				CLANG_WARN_OBJC_ROOT_CLASS = YES_ERROR;
				CLANG_WARN_RANGE_LOOP_ANALYSIS = YES;
				CLANG_WARN_STRICT_PROTOTYPES = YES;
				CLANG_WARN_SUSPICIOUS_MOVE = YES;
				CLANG_WARN_UNGUARDED_AVAILABILITY = YES_AGGRESSIVE;
				CLANG_WARN_UNREACHABLE_CODE = YES;
				CLANG_WARN__DUPLICATE_METHOD_MATCH = YES;
				CODE_SIGN_IDENTITY = "iPhone Developer";
				COPY_PHASE_STRIP = NO;
				DEBUG_INFORMATION_FORMAT = dwarf;
				ENABLE_STRICT_OBJC_MSGSEND = YES;
				ENABLE_TESTABILITY = YES;
				GCC_C_LANGUAGE_STANDARD = gnu11;
				GCC_DYNAMIC_NO_PIC = NO;
				GCC_NO_COMMON_BLOCKS = YES;
				GCC_OPTIMIZATION_LEVEL = 0;
				GCC_PREPROCESSOR_DEFINITIONS = (
					"DEBUG=1",
					"$(inherited)",
				);
				GCC_WARN_64_TO_32_BIT_CONVERSION = YES;
				GCC_WARN_ABOUT_RETURN_TYPE = YES_ERROR;
				GCC_WARN_UNDECLARED_SELECTOR = YES;
				GCC_WARN_UNINITIALIZED_AUTOS = YES_AGGRESSIVE;
				GCC_WARN_UNUSED_FUNCTION = YES;
				GCC_WARN_UNUSED_VARIABLE = YES;
				IPHONEOS_DEPLOYMENT_TARGET = 11.3;
				MTL_ENABLE_DEBUG_INFO = YES;
				ONLY_ACTIVE_ARCH = YES;
				SDKROOT = iphoneos;
				SWIFT_ACTIVE_COMPILATION_CONDITIONS = DEBUG;
				SWIFT_OPTIMIZATION_LEVEL = "-Onone";
			};
			name = Debug;
		};
		55A620F7207C900D008F0834 /* Release */ = {
			isa = XCBuildConfiguration;
			buildSettings = {
				ALWAYS_SEARCH_USER_PATHS = NO;
				CLANG_ANALYZER_NONNULL = YES;
				CLANG_ANALYZER_NUMBER_OBJECT_CONVERSION = YES_AGGRESSIVE;
				CLANG_CXX_LANGUAGE_STANDARD = "gnu++14";
				CLANG_CXX_LIBRARY = "libc++";
				CLANG_ENABLE_MODULES = YES;
				CLANG_ENABLE_OBJC_ARC = YES;
				CLANG_ENABLE_OBJC_WEAK = YES;
				CLANG_WARN_BLOCK_CAPTURE_AUTORELEASING = YES;
				CLANG_WARN_BOOL_CONVERSION = YES;
				CLANG_WARN_COMMA = YES;
				CLANG_WARN_CONSTANT_CONVERSION = YES;
				CLANG_WARN_DEPRECATED_OBJC_IMPLEMENTATIONS = YES;
				CLANG_WARN_DIRECT_OBJC_ISA_USAGE = YES_ERROR;
				CLANG_WARN_DOCUMENTATION_COMMENTS = YES;
				CLANG_WARN_EMPTY_BODY = YES;
				CLANG_WARN_ENUM_CONVERSION = YES;
				CLANG_WARN_INFINITE_RECURSION = YES;
				CLANG_WARN_INT_CONVERSION = YES;
				CLANG_WARN_NON_LITERAL_NULL_CONVERSION = YES;
				CLANG_WARN_OBJC_IMPLICIT_RETAIN_SELF = YES;
				CLANG_WARN_OBJC_LITERAL_CONVERSION = YES;
				CLANG_WARN_OBJC_ROOT_CLASS = YES_ERROR;
				CLANG_WARN_RANGE_LOOP_ANALYSIS = YES;
				CLANG_WARN_STRICT_PROTOTYPES = YES;
				CLANG_WARN_SUSPICIOUS_MOVE = YES;
				CLANG_WARN_UNGUARDED_AVAILABILITY = YES_AGGRESSIVE;
				CLANG_WARN_UNREACHABLE_CODE = YES;
				CLANG_WARN__DUPLICATE_METHOD_MATCH = YES;
				CODE_SIGN_IDENTITY = "iPhone Developer";
				COPY_PHASE_STRIP = NO;
				DEBUG_INFORMATION_FORMAT = "dwarf-with-dsym";
				ENABLE_NS_ASSERTIONS = NO;
				ENABLE_STRICT_OBJC_MSGSEND = YES;
				GCC_C_LANGUAGE_STANDARD = gnu11;
				GCC_NO_COMMON_BLOCKS = YES;
				GCC_WARN_64_TO_32_BIT_CONVERSION = YES;
				GCC_WARN_ABOUT_RETURN_TYPE = YES_ERROR;
				GCC_WARN_UNDECLARED_SELECTOR = YES;
				GCC_WARN_UNINITIALIZED_AUTOS = YES_AGGRESSIVE;
				GCC_WARN_UNUSED_FUNCTION = YES;
				GCC_WARN_UNUSED_VARIABLE = YES;
				IPHONEOS_DEPLOYMENT_TARGET = 11.3;
				MTL_ENABLE_DEBUG_INFO = NO;
				SDKROOT = iphoneos;
				SWIFT_COMPILATION_MODE = wholemodule;
				SWIFT_OPTIMIZATION_LEVEL = "-O";
				VALIDATE_PRODUCT = YES;
			};
			name = Release;
		};
		55A620F9207C900D008F0834 /* Debug */ = {
			isa = XCBuildConfiguration;
			baseConfigurationReference = 7FE0447C3173A4118EB4B2D0 /* Pods-Find Food Trucks SF.debug.xcconfig */;
			buildSettings = {
				ASSETCATALOG_COMPILER_APPICON_NAME = AppIcon;
				CODE_SIGN_IDENTITY = "iPhone Developer";
				CODE_SIGN_STYLE = Automatic;
				DEVELOPMENT_TEAM = BGJG9YVJR5;
				INFOPLIST_FILE = "Find Food Trucks SF/Info.plist";
				LD_RUNPATH_SEARCH_PATHS = (
					"$(inherited)",
					"@executable_path/Frameworks",
				);
				PRODUCT_BUNDLE_IDENTIFIER = "com.TheFootGang.Find-Food-Trucks-SF";
				PRODUCT_NAME = "$(TARGET_NAME)";
				PROVISIONING_PROFILE_SPECIFIER = "";
				SWIFT_VERSION = 4.0;
				TARGETED_DEVICE_FAMILY = "1,2";
			};
			name = Debug;
		};
		55A620FA207C900D008F0834 /* Release */ = {
			isa = XCBuildConfiguration;
			baseConfigurationReference = A36FA232D2A2F2C41AB0C8BC /* Pods-Find Food Trucks SF.release.xcconfig */;
			buildSettings = {
				ASSETCATALOG_COMPILER_APPICON_NAME = AppIcon;
				CODE_SIGN_IDENTITY = "iPhone Developer";
				CODE_SIGN_STYLE = Automatic;
				DEVELOPMENT_TEAM = BGJG9YVJR5;
				INFOPLIST_FILE = "Find Food Trucks SF/Info.plist";
				LD_RUNPATH_SEARCH_PATHS = (
					"$(inherited)",
					"@executable_path/Frameworks",
				);
				PRODUCT_BUNDLE_IDENTIFIER = "com.TheFootGang.Find-Food-Trucks-SF";
				PRODUCT_NAME = "$(TARGET_NAME)";
				PROVISIONING_PROFILE_SPECIFIER = "";
				SWIFT_VERSION = 4.0;
				TARGETED_DEVICE_FAMILY = "1,2";
			};
			name = Release;
		};
		55A620FC207C900D008F0834 /* Debug */ = {
			isa = XCBuildConfiguration;
			buildSettings = {
				ALWAYS_EMBED_SWIFT_STANDARD_LIBRARIES = YES;
				BUNDLE_LOADER = "$(TEST_HOST)";
				CODE_SIGN_STYLE = Automatic;
				DEVELOPMENT_TEAM = BGJG9YVJR5;
				INFOPLIST_FILE = "Find Food Trucks SFTests/Info.plist";
				LD_RUNPATH_SEARCH_PATHS = (
					"$(inherited)",
					"@executable_path/Frameworks",
					"@loader_path/Frameworks",
				);
				PRODUCT_BUNDLE_IDENTIFIER = "com.TheFootGang.Find-Food-Trucks-SFTests";
				PRODUCT_NAME = "$(TARGET_NAME)";
				SWIFT_VERSION = 4.0;
				TARGETED_DEVICE_FAMILY = "1,2";
				TEST_HOST = "$(BUILT_PRODUCTS_DIR)/Find Food Trucks SF.app/Find Food Trucks SF";
			};
			name = Debug;
		};
		55A620FD207C900D008F0834 /* Release */ = {
			isa = XCBuildConfiguration;
			buildSettings = {
				ALWAYS_EMBED_SWIFT_STANDARD_LIBRARIES = YES;
				BUNDLE_LOADER = "$(TEST_HOST)";
				CODE_SIGN_STYLE = Automatic;
				DEVELOPMENT_TEAM = BGJG9YVJR5;
				INFOPLIST_FILE = "Find Food Trucks SFTests/Info.plist";
				LD_RUNPATH_SEARCH_PATHS = (
					"$(inherited)",
					"@executable_path/Frameworks",
					"@loader_path/Frameworks",
				);
				PRODUCT_BUNDLE_IDENTIFIER = "com.TheFootGang.Find-Food-Trucks-SFTests";
				PRODUCT_NAME = "$(TARGET_NAME)";
				SWIFT_VERSION = 4.0;
				TARGETED_DEVICE_FAMILY = "1,2";
				TEST_HOST = "$(BUILT_PRODUCTS_DIR)/Find Food Trucks SF.app/Find Food Trucks SF";
			};
			name = Release;
		};
/* End XCBuildConfiguration section */

/* Begin XCConfigurationList section */
		55A620D6207C9007008F0834 /* Build configuration list for PBXProject "Find Food Trucks SF" */ = {
			isa = XCConfigurationList;
			buildConfigurations = (
				55A620F6207C900D008F0834 /* Debug */,
				55A620F7207C900D008F0834 /* Release */,
			);
			defaultConfigurationIsVisible = 0;
			defaultConfigurationName = Release;
		};
		55A620F8207C900D008F0834 /* Build configuration list for PBXNativeTarget "Find Food Trucks SF" */ = {
			isa = XCConfigurationList;
			buildConfigurations = (
				55A620F9207C900D008F0834 /* Debug */,
				55A620FA207C900D008F0834 /* Release */,
			);
			defaultConfigurationIsVisible = 0;
			defaultConfigurationName = Release;
		};
		55A620FB207C900D008F0834 /* Build configuration list for PBXNativeTarget "Find Food Trucks SFTests" */ = {
			isa = XCConfigurationList;
			buildConfigurations = (
				55A620FC207C900D008F0834 /* Debug */,
				55A620FD207C900D008F0834 /* Release */,
			);
			defaultConfigurationIsVisible = 0;
			defaultConfigurationName = Release;
		};
/* End XCConfigurationList section */
	};
	rootObject = 55A620D3207C9007008F0834 /* Project object */;
}
